
Microsoft Visual Studio Solution File, Format Version 12.00
# Visual Studio Version 17
VisualStudioVersion = 17.9.34714.143
MinimumVisualStudioVersion = 10.0.40219.1
Project("{FAE04EC0-301F-11D3-BF4B-00C04F79EFBC}") = "LockStepDemo1", "LockStepDemo1\LockStepDemo1.csproj", "{C5BFF2A5-3125-4656-BA67-A952E9D98384}"
EndProject
Project("{FAE04EC0-301F-11D3-BF4B-00C04F79EFBC}") = "Commit", "Commit\Commit.csproj", "{D6BECB83-0DA6-4048-A6F6-B6C41670B627}"
EndProject
Project("{FAE04EC0-301F-11D3-BF4B-00C04F79EFBC}") = "Utils", "Utils\Utils.csproj", "{2A2EE7A7-5AC2-4617-830F-7BE70877FE72}"
EndProject
Global
	GlobalSection(SolutionConfigurationPlatforms) = preSolution
		Debug|Any CPU = Debug|Any CPU
		Release|Any CPU = Release|Any CPU
	EndGlobalSection
	GlobalSection(ProjectConfigurationPlatforms) = postSolution
		{C5BFF2A5-3125-4656-BA67-A952E9D98384}.Debug|Any CPU.ActiveCfg = Debug|Any CPU
		{C5BFF2A5-3125-4656-BA67-A952E9D98384}.Debug|Any CPU.Build.0 = Debug|Any CPU
		{C5BFF2A5-3125-4656-BA67-A952E9D98384}.Release|Any CPU.ActiveCfg = Release|Any CPU
		{C5BFF2A5-3125-4656-BA67-A952E9D98384}.Release|Any CPU.Build.0 = Release|Any CPU
		{D6BECB83-0DA6-4048-A6F6-B6C41670B627}.Debug|Any CPU.ActiveCfg = Debug|Any CPU
		{D6BECB83-0DA6-4048-A6F6-B6C41670B627}.Debug|Any CPU.Build.0 = Debug|Any CPU
		{D6BECB83-0DA6-4048-A6F6-B6C41670B627}.Release|Any CPU.ActiveCfg = Release|Any CPU
		{D6BECB83-0DA6-4048-A6F6-B6C41670B627}.Release|Any CPU.Build.0 = Release|Any CPU
		{2A2EE7A7-5AC2-4617-830F-7BE70877FE72}.Debug|Any CPU.ActiveCfg = Debug|Any CPU
		{2A2EE7A7-5AC2-4617-830F-7BE70877FE72}.Debug|Any CPU.Build.0 = Debug|Any CPU
		{2A2EE7A7-5AC2-4617-830F-7BE70877FE72}.Release|Any CPU.ActiveCfg = Release|Any CPU
		{2A2EE7A7-5AC2-4617-830F-7BE70877FE72}.Release|Any CPU.Build.0 = Release|Any CPU
	EndGlobalSection
	GlobalSection(SolutionProperties) = preSolution
		HideSolutionNode = FALSE
	EndGlobalSection
	GlobalSection(ExtensibilityGlobals) = postSolution
		SolutionGuid = {120A3B27-C3F6-47F7-9231-1F5727C20158}
	EndGlobalSection
EndGlobal
